
Microsoft Visual Studio Solution File, Format Version 12.00
# Visual Studio Version 17
VisualStudioVersion = 17.9.34622.214
MinimumVisualStudioVersion = 10.0.40219.1
Project("{FAE04EC0-301F-11D3-BF4B-00C04F79EFBC}") = "Task_Manager_API", "Task_Manager_API\Task_Manager_API.csproj", "{75EFC99F-2754-4236-BD72-7EFFDE08C25C}"
EndProject
Global
	GlobalSection(SolutionConfigurationPlatforms) = preSolution
		Debug|Any CPU = Debug|Any CPU
		Release|Any CPU = Release|Any CPU
	EndGlobalSection
	GlobalSection(ProjectConfigurationPlatforms) = postSolution
		{75EFC99F-2754-4236-BD72-7EFFDE08C25C}.Debug|Any CPU.ActiveCfg = Debug|Any CPU
		{75EFC99F-2754-4236-BD72-7EFFDE08C25C}.Debug|Any CPU.Build.0 = Debug|Any CPU
		{75EFC99F-2754-4236-BD72-7EFFDE08C25C}.Release|Any CPU.ActiveCfg = Release|Any CPU
		{75EFC99F-2754-4236-BD72-7EFFDE08C25C}.Release|Any CPU.Build.0 = Release|Any CPU
	EndGlobalSection
	GlobalSection(SolutionProperties) = preSolution
		HideSolutionNode = FALSE
	EndGlobalSection
	GlobalSection(ExtensibilityGlobals) = postSolution
		SolutionGuid = {44987E7D-EE64-45A2-965B-5FBA0F1F332B}
	EndGlobalSection
EndGlobal
